lockfileVersion: '9.0'

settings:
  autoInstallPeers: true
  excludeLinksFromLockfile: false

importers:

  .:
    dependencies:
      '@supabase/supabase-js':
        specifier: 2.105.1
        version: 2.105.1
      next:
        specifier: 16.2.4
        version: 16.2.4(react-dom@19.2.5(react@19.2.5))(react@19.2.5)
      react:
        specifier: 19.2.5
        version: 19.2.5
      react-dom:
        specifier: 19.2.5
        version: 19.2.5(react@19.2.5)
